// !$*UTF8*$!
{
	archiveVersion = 1;
	classes = {
	};
	objectVersion = 77;
	objects = {

/* Begin PBXBuildFile section */
		6BA750572C98FF5100CFB4D3 /* PklSwift in Frameworks */ = {isa = PBXBuildFile; productRef = 6BA750562C98FF5100CFB4D3 /* PklSwift */; };
		6BA750972C9902DE00CFB4D3 /* ArgumentParser in Frameworks */ = {isa = PBXBuildFile; productRef = 6BA750962C9902DE00CFB4D3 /* ArgumentParser */; };
		6BD783A22C98FC1F009EEB33 /* PklSwift in Frameworks */ = {isa = PBXBuildFile; productRef = 6BD783A12C98FC1F009EEB33 /* PklSwift */; };
		6BD783A52C98FC2A009EEB33 /* ArgumentParser in Frameworks */ = {isa = PBXBuildFile; productRef = 6BD783A42C98FC2A009EEB33 /* ArgumentParser */; };
/* End PBXBuildFile section */

/* Begin PBXCopyFilesBuildPhase section */
		6BD783892C98FBD4009EEB33 /* CopyFiles */ = {
			isa = PBXCopyFilesBuildPhase;
			buildActionMask = 2147483647;
			dstPath = /usr/share/man/man1;
			dstSubfolderSpec = 0;
			files = (
			);
			runOnlyForDeploymentPostprocessing = 1;
		};
/* End PBXCopyFilesBuildPhase section */

/* Begin PBXFileReference section */
		6BD7838B2C98FBD4009EEB33 /* Cosmic */ = {isa = PBXFileReference; explicitFileType = "compiled.mach-o.executable"; includeInIndex = 0; path = Cosmic; sourceTree = BUILT_PRODUCTS_DIR; };
		6BD783992C98FBFF009EEB33 /* CosmicTests.xctest */ = {isa = PBXFileReference; explicitFileType = wrapper.cfbundle; includeInIndex = 0; path = CosmicTests.xctest; sourceTree = BUILT_PRODUCTS_DIR; };
/* End PBXFileReference section */

/* Begin PBXFileSystemSynchronizedBuildFileExceptionSet section */
		6B2021682C99375400A009C9 /* Exceptions for "Cosmic" folder in "CosmicTests" target */ = {
			isa = PBXFileSystemSynchronizedBuildFileExceptionSet;
			membershipExceptions = (
				Cosmic.swift,
				Package.pkl.swift,
				Utils.swift,
			);
			target = 6BD783982C98FBFF009EEB33 /* CosmicTests */;
		};
/* End PBXFileSystemSynchronizedBuildFileExceptionSet section */

/* Begin PBXFileSystemSynchronizedRootGroup section */
		6BD7838D2C98FBD4009EEB33 /* Cosmic */ = {
			isa = PBXFileSystemSynchronizedRootGroup;
			exceptions = (
				6B2021682C99375400A009C9 /* Exceptions for "Cosmic" folder in "CosmicTests" target */,
			);
			path = Cosmic;
			sourceTree = "<group>";
		};
		6BD7839A2C98FBFF009EEB33 /* CosmicTests */ = {
			isa = PBXFileSystemSynchronizedRootGroup;
			path = CosmicTests;
			sourceTree = "<group>";
		};
		6BD783A92C98FC87009EEB33 /* Packages */ = {
			isa = PBXFileSystemSynchronizedRootGroup;
			path = Packages;
			sourceTree = "<group>";
		};
/* End PBXFileSystemSynchronizedRootGroup section */

/* Begin PBXFrameworksBuildPhase section */
		6BD783882C98FBD4009EEB33 /* Frameworks */ = {
			isa = PBXFrameworksBuildPhase;
			buildActionMask = 2147483647;
			files = (
				6BD783A52C98FC2A009EEB33 /* ArgumentParser in Frameworks */,
				6BD783A22C98FC1F009EEB33 /* PklSwift in Frameworks */,
			);
			runOnlyForDeploymentPostprocessing = 0;
		};
		6BD783962C98FBFF009EEB33 /* Frameworks */ = {
			isa = PBXFrameworksBuildPhase;
			buildActionMask = 2147483647;
			files = (
				6BA750972C9902DE00CFB4D3 /* ArgumentParser in Frameworks */,
				6BA750572C98FF5100CFB4D3 /* PklSwift in Frameworks */,
			);
			runOnlyForDeploymentPostprocessing = 0;
		};
/* End PBXFrameworksBuildPhase section */

/* Begin PBXGroup section */
		6BD783822C98FBD4009EEB33 = {
			isa = PBXGroup;
			children = (
				6BD783A92C98FC87009EEB33 /* Packages */,
				6BD7838D2C98FBD4009EEB33 /* Cosmic */,
				6BD7839A2C98FBFF009EEB33 /* CosmicTests */,
				6BD783A62C98FC32009EEB33 /* Frameworks */,
				6BD7838C2C98FBD4009EEB33 /* Products */,
			);
			sourceTree = "<group>";
		};
		6BD7838C2C98FBD4009EEB33 /* Products */ = {
			isa = PBXGroup;
			children = (
				6BD7838B2C98FBD4009EEB33 /* Cosmic */,
				6BD783992C98FBFF009EEB33 /* CosmicTests.xctest */,
			);
			name = Products;
			sourceTree = "<group>";
		};
		6BD783A62C98FC32009EEB33 /* Frameworks */ = {
			isa = PBXGroup;
			children = (
			);
			name = Frameworks;
			sourceTree = "<group>";
		};
/* End PBXGroup section */

/* Begin PBXNativeTarget section */
		6BD7838A2C98FBD4009EEB33 /* Cosmic */ = {
			isa = PBXNativeTarget;
			buildConfigurationList = 6BD783922C98FBD4009EEB33 /* Build configuration list for PBXNativeTarget "Cosmic" */;
			buildPhases = (
				6BD783872C98FBD4009EEB33 /* Sources */,
				6BD783882C98FBD4009EEB33 /* Frameworks */,
				6BD783892C98FBD4009EEB33 /* CopyFiles */,
			);
			buildRules = (
			);
			dependencies = (
			);
			fileSystemSynchronizedGroups = (
				6BD7838D2C98FBD4009EEB33 /* Cosmic */,
				6BD783A92C98FC87009EEB33 /* Packages */,
			);
			name = Cosmic;
			packageProductDependencies = (
				6BD783A12C98FC1F009EEB33 /* PklSwift */,
				6BD783A42C98FC2A009EEB33 /* ArgumentParser */,
			);
			productName = Crisp;
			productReference = 6BD7838B2C98FBD4009EEB33 /* Cosmic */;
			productType = "com.apple.product-type.tool";
		};
		6BD783982C98FBFF009EEB33 /* CosmicTests */ = {
			isa = PBXNativeTarget;
			buildConfigurationList = 6BD7839D2C98FBFF009EEB33 /* Build configuration list for PBXNativeTarget "CosmicTests" */;
			buildPhases = (
				6BD783952C98FBFF009EEB33 /* Sources */,
				6BD783962C98FBFF009EEB33 /* Frameworks */,
				6BD783972C98FBFF009EEB33 /* Resources */,
			);
			buildRules = (
			);
			dependencies = (
			);
			fileSystemSynchronizedGroups = (
				6BD7839A2C98FBFF009EEB33 /* CosmicTests */,
			);
			name = CosmicTests;
			packageProductDependencies = (
				6BA750562C98FF5100CFB4D3 /* PklSwift */,
				6BA750962C9902DE00CFB4D3 /* ArgumentParser */,
			);
			productName = CrispTests;
			productReference = 6BD783992C98FBFF009EEB33 /* CosmicTests.xctest */;
			productType = "com.apple.product-type.bundle.unit-test";
		};
/* End PBXNativeTarget section */

/* Begin PBXProject section */
		6BD783832C98FBD4009EEB33 /* Project object */ = {
			isa = PBXProject;
			attributes = {
				BuildIndependentTargetsInParallel = 1;
				LastSwiftUpdateCheck = 1600;
				LastUpgradeCheck = 1600;
				TargetAttributes = {
					6BD7838A2C98FBD4009EEB33 = {
						CreatedOnToolsVersion = 16.0;
					};
					6BD783982C98FBFF009EEB33 = {
						CreatedOnToolsVersion = 16.0;
					};
				};
			};
			buildConfigurationList = 6BD783862C98FBD4009EEB33 /* Build configuration list for PBXProject "Cosmic" */;
			developmentRegion = en;
			hasScannedForEncodings = 0;
			knownRegions = (
				en,
				Base,
			);
			mainGroup = 6BD783822C98FBD4009EEB33;
			minimizedProjectReferenceProxies = 1;
			packageReferences = (
				6BD783A02C98FC1F009EEB33 /* XCRemoteSwiftPackageReference "pkl-swift" */,
				6BD783A32C98FC2A009EEB33 /* XCRemoteSwiftPackageReference "swift-argument-parser" */,
			);
			preferredProjectObjectVersion = 77;
			productRefGroup = 6BD7838C2C98FBD4009EEB33 /* Products */;
			projectDirPath = "";
			projectRoot = "";
			targets = (
				6BD7838A2C98FBD4009EEB33 /* Cosmic */,
				6BD783982C98FBFF009EEB33 /* CosmicTests */,
			);
		};
/* End PBXProject section */

/* Begin PBXResourcesBuildPhase section */
		6BD783972C98FBFF009EEB33 /* Resources */ = {
			isa = PBXResourcesBuildPhase;
			buildActionMask = 2147483647;
			files = (
			);
			runOnlyForDeploymentPostprocessing = 0;
		};
/* End PBXResourcesBuildPhase section */

/* Begin PBXSourcesBuildPhase section */
		6BD783872C98FBD4009EEB33 /* Sources */ = {
			isa = PBXSourcesBuildPhase;
			buildActionMask = 2147483647;
			files = (
			);
			runOnlyForDeploymentPostprocessing = 0;
		};
		6BD783952C98FBFF009EEB33 /* Sources */ = {
			isa = PBXSourcesBuildPhase;
			buildActionMask = 2147483647;
			files = (
			);
			runOnlyForDeploymentPostprocessing = 0;
		};
/* End PBXSourcesBuildPhase section */

/* Begin XCBuildConfiguration section */
		6BD783902C98FBD4009EEB33 /* Debug */ = {
			isa = XCBuildConfiguration;
			buildSettings = {
				ALWAYS_SEARCH_USER_PATHS = NO;
				ASSETCATALOG_COMPILER_GENERATE_SWIFT_ASSET_SYMBOL_EXTENSIONS = YES;
				CLANG_ANALYZER_NONNULL = YES;
				CLANG_ANALYZER_NUMBER_OBJECT_CONVERSION = YES_AGGRESSIVE;
				CLANG_CXX_LANGUAGE_STANDARD = "gnu++20";
				CLANG_ENABLE_MODULES = YES;
				CLANG_ENABLE_OBJC_ARC = YES;
				CLANG_ENABLE_OBJC_WEAK = YES;
				CLANG_WARN_BLOCK_CAPTURE_AUTORELEASING = YES;
				CLANG_WARN_BOOL_CONVERSION = YES;
				CLANG_WARN_COMMA = YES;
				CLANG_WARN_CONSTANT_CONVERSION = YES;
				CLANG_WARN_DEPRECATED_OBJC_IMPLEMENTATIONS = YES;
				CLANG_WARN_DIRECT_OBJC_ISA_USAGE = YES_ERROR;
				CLANG_WARN_DOCUMENTATION_COMMENTS = YES;
				CLANG_WARN_EMPTY_BODY = YES;
				CLANG_WARN_ENUM_CONVERSION = YES;
				CLANG_WARN_INFINITE_RECURSION = YES;
				CLANG_WARN_INT_CONVERSION = YES;
				CLANG_WARN_NON_LITERAL_NULL_CONVERSION = YES;
				CLANG_WARN_OBJC_IMPLICIT_RETAIN_SELF = YES;
				CLANG_WARN_OBJC_LITERAL_CONVERSION = YES;
				CLANG_WARN_OBJC_ROOT_CLASS = YES_ERROR;
				CLANG_WARN_QUOTED_INCLUDE_IN_FRAMEWORK_HEADER = YES;
				CLANG_WARN_RANGE_LOOP_ANALYSIS = YES;
				CLANG_WARN_STRICT_PROTOTYPES = YES;
				CLANG_WARN_SUSPICIOUS_MOVE = YES;
				CLANG_WARN_UNGUARDED_AVAILABILITY = YES_AGGRESSIVE;
				CLANG_WARN_UNREACHABLE_CODE = YES;
				CLANG_WARN__DUPLICATE_METHOD_MATCH = YES;
				COPY_PHASE_STRIP = NO;
				DEBUG_INFORMATION_FORMAT = dwarf;
				ENABLE_STRICT_OBJC_MSGSEND = YES;
				ENABLE_TESTABILITY = YES;
				ENABLE_USER_SCRIPT_SANDBOXING = YES;
				GCC_C_LANGUAGE_STANDARD = gnu17;
				GCC_DYNAMIC_NO_PIC = NO;
				GCC_NO_COMMON_BLOCKS = YES;
				GCC_OPTIMIZATION_LEVEL = 0;
				GCC_PREPROCESSOR_DEFINITIONS = (
					"DEBUG=1",
					"$(inherited)",
				);
				GCC_WARN_64_TO_32_BIT_CONVERSION = YES;
				GCC_WARN_ABOUT_RETURN_TYPE = YES_ERROR;
				GCC_WARN_UNDECLARED_SELECTOR = YES;
				GCC_WARN_UNINITIALIZED_AUTOS = YES_AGGRESSIVE;
				GCC_WARN_UNUSED_FUNCTION = YES;
				GCC_WARN_UNUSED_VARIABLE = YES;
				LOCALIZATION_PREFERS_STRING_CATALOGS = YES;
				MACOSX_DEPLOYMENT_TARGET = 15.0;
				MTL_ENABLE_DEBUG_INFO = INCLUDE_SOURCE;
				MTL_FAST_MATH = YES;
				ONLY_ACTIVE_ARCH = YES;
				SDKROOT = macosx;
				SWIFT_ACTIVE_COMPILATION_CONDITIONS = "DEBUG $(inherited)";
				SWIFT_OPTIMIZATION_LEVEL = "-Onone";
			};
			name = Debug;
		};
		6BD783912C98FBD4009EEB33 /* Release */ = {
			isa = XCBuildConfiguration;
			buildSettings = {
				ALWAYS_SEARCH_USER_PATHS = NO;
				ASSETCATALOG_COMPILER_GENERATE_SWIFT_ASSET_SYMBOL_EXTENSIONS = YES;
				CLANG_ANALYZER_NONNULL = YES;
				CLANG_ANALYZER_NUMBER_OBJECT_CONVERSION = YES_AGGRESSIVE;
				CLANG_CXX_LANGUAGE_STANDARD = "gnu++20";
				CLANG_ENABLE_MODULES = YES;
				CLANG_ENABLE_OBJC_ARC = YES;
				CLANG_ENABLE_OBJC_WEAK = YES;
				CLANG_WARN_BLOCK_CAPTURE_AUTORELEASING = YES;
				CLANG_WARN_BOOL_CONVERSION = YES;
				CLANG_WARN_COMMA = YES;
				CLANG_WARN_CONSTANT_CONVERSION = YES;
				CLANG_WARN_DEPRECATED_OBJC_IMPLEMENTATIONS = YES;
				CLANG_WARN_DIRECT_OBJC_ISA_USAGE = YES_ERROR;
				CLANG_WARN_DOCUMENTATION_COMMENTS = YES;
				CLANG_WARN_EMPTY_BODY = YES;
				CLANG_WARN_ENUM_CONVERSION = YES;
				CLANG_WARN_INFINITE_RECURSION = YES;
				CLANG_WARN_INT_CONVERSION = YES;
				CLANG_WARN_NON_LITERAL_NULL_CONVERSION = YES;
				CLANG_WARN_OBJC_IMPLICIT_RETAIN_SELF = YES;
				CLANG_WARN_OBJC_LITERAL_CONVERSION = YES;
				CLANG_WARN_OBJC_ROOT_CLASS = YES_ERROR;
				CLANG_WARN_QUOTED_INCLUDE_IN_FRAMEWORK_HEADER = YES;
				CLANG_WARN_RANGE_LOOP_ANALYSIS = YES;
				CLANG_WARN_STRICT_PROTOTYPES = YES;
				CLANG_WARN_SUSPICIOUS_MOVE = YES;
				CLANG_WARN_UNGUARDED_AVAILABILITY = YES_AGGRESSIVE;
				CLANG_WARN_UNREACHABLE_CODE = YES;
				CLANG_WARN__DUPLICATE_METHOD_MATCH = YES;
				COPY_PHASE_STRIP = NO;
				DEBUG_INFORMATION_FORMAT = "dwarf-with-dsym";
				ENABLE_NS_ASSERTIONS = NO;
				ENABLE_STRICT_OBJC_MSGSEND = YES;
				ENABLE_USER_SCRIPT_SANDBOXING = YES;
				GCC_C_LANGUAGE_STANDARD = gnu17;
				GCC_NO_COMMON_BLOCKS = YES;
				GCC_WARN_64_TO_32_BIT_CONVERSION = YES;
				GCC_WARN_ABOUT_RETURN_TYPE = YES_ERROR;
				GCC_WARN_UNDECLARED_SELECTOR = YES;
				GCC_WARN_UNINITIALIZED_AUTOS = YES_AGGRESSIVE;
				GCC_WARN_UNUSED_FUNCTION = YES;
				GCC_WARN_UNUSED_VARIABLE = YES;
				LOCALIZATION_PREFERS_STRING_CATALOGS = YES;
				MACOSX_DEPLOYMENT_TARGET = 15.0;
				MTL_ENABLE_DEBUG_INFO = NO;
				MTL_FAST_MATH = YES;
				SDKROOT = macosx;
				SWIFT_COMPILATION_MODE = wholemodule;
			};
			name = Release;
		};
		6BD783932C98FBD4009EEB33 /* Debug */ = {
			isa = XCBuildConfiguration;
			buildSettings = {
				CODE_SIGN_INJECT_BASE_ENTITLEMENTS = YES;
				CODE_SIGN_STYLE = Automatic;
				DEVELOPMENT_TEAM = QSQY64SHJ5;
				ENABLE_HARDENED_RUNTIME = YES;
				MACOSX_DEPLOYMENT_TARGET = 13.0;
				PRODUCT_BUNDLE_IDENTIFIER = com.willswire.Cosmic;
				PRODUCT_NAME = "$(TARGET_NAME)";
				SWIFT_VERSION = 5.0;
			};
			name = Debug;
		};
		6BD783942C98FBD4009EEB33 /* Release */ = {
			isa = XCBuildConfiguration;
			buildSettings = {
				CODE_SIGN_INJECT_BASE_ENTITLEMENTS = YES;
				CODE_SIGN_STYLE = Automatic;
				DEVELOPMENT_TEAM = QSQY64SHJ5;
				ENABLE_HARDENED_RUNTIME = YES;
				MACOSX_DEPLOYMENT_TARGET = 13.0;
				PRODUCT_BUNDLE_IDENTIFIER = com.willswire.Cosmic;
				PRODUCT_NAME = "$(TARGET_NAME)";
				SWIFT_VERSION = 5.0;
			};
			name = Release;
		};
		6BD7839E2C98FBFF009EEB33 /* Debug */ = {
			isa = XCBuildConfiguration;
			buildSettings = {
				"BUNDLE_LOADER[arch=*]" = "";
				CODE_SIGN_STYLE = Automatic;
				CURRENT_PROJECT_VERSION = 1;
				DEVELOPMENT_TEAM = QSQY64SHJ5;
				GENERATE_INFOPLIST_FILE = YES;
				MACOSX_DEPLOYMENT_TARGET = 13.0;
				MARKETING_VERSION = 1.0;
				PRODUCT_BUNDLE_IDENTIFIER = com.willswire.CosmicTests;
				PRODUCT_NAME = "$(TARGET_NAME)";
				SWIFT_EMIT_LOC_STRINGS = NO;
				SWIFT_VERSION = 5.0;
			};
			name = Debug;
		};
		6BD7839F2C98FBFF009EEB33 /* Release */ = {
			isa = XCBuildConfiguration;
			buildSettings = {
				CODE_SIGN_STYLE = Automatic;
				CURRENT_PROJECT_VERSION = 1;
				DEVELOPMENT_TEAM = QSQY64SHJ5;
				GENERATE_INFOPLIST_FILE = YES;
				MACOSX_DEPLOYMENT_TARGET = 13.0;
				MARKETING_VERSION = 1.0;
				PRODUCT_BUNDLE_IDENTIFIER = com.willswire.CosmicTests;
				PRODUCT_NAME = "$(TARGET_NAME)";
				SWIFT_EMIT_LOC_STRINGS = NO;
				SWIFT_VERSION = 5.0;
			};
			name = Release;
		};
/* End XCBuildConfiguration section */

/* Begin XCConfigurationList section */
		6BD783862C98FBD4009EEB33 /* Build configuration list for PBXProject "Cosmic" */ = {
			isa = XCConfigurationList;
			buildConfigurations = (
				6BD783902C98FBD4009EEB33 /* Debug */,
				6BD783912C98FBD4009EEB33 /* Release */,
			);
			defaultConfigurationIsVisible = 0;
			defaultConfigurationName = Release;
		};
		6BD783922C98FBD4009EEB33 /* Build configuration list for PBXNativeTarget "Cosmic" */ = {
			isa = XCConfigurationList;
			buildConfigurations = (
				6BD783932C98FBD4009EEB33 /* Debug */,
				6BD783942C98FBD4009EEB33 /* Release */,
			);
			defaultConfigurationIsVisible = 0;
			defaultConfigurationName = Release;
		};
		6BD7839D2C98FBFF009EEB33 /* Build configuration list for PBXNativeTarget "CosmicTests" */ = {
			isa = XCConfigurationList;
			buildConfigurations = (
				6BD7839E2C98FBFF009EEB33 /* Debug */,
				6BD7839F2C98FBFF009EEB33 /* Release */,
			);
			defaultConfigurationIsVisible = 0;
			defaultConfigurationName = Release;
		};
/* End XCConfigurationList section */

/* Begin XCRemoteSwiftPackageReference section */
		6BD783A02C98FC1F009EEB33 /* XCRemoteSwiftPackageReference "pkl-swift" */ = {
			isa = XCRemoteSwiftPackageReference;
			repositoryURL = "https://github.com/apple/pkl-swift";
			requirement = {
				kind = upToNextMajorVersion;
				minimumVersion = 0.2.3;
			};
		};
		6BD783A32C98FC2A009EEB33 /* XCRemoteSwiftPackageReference "swift-argument-parser" */ = {
			isa = XCRemoteSwiftPackageReference;
			repositoryURL = "https://github.com/apple/swift-argument-parser.git";
			requirement = {
				kind = upToNextMajorVersion;
				minimumVersion = 1.5.0;
			};
		};
/* End XCRemoteSwiftPackageReference section */

/* Begin XCSwiftPackageProductDependency section */
		6BA750562C98FF5100CFB4D3 /* PklSwift */ = {
			isa = XCSwiftPackageProductDependency;
			package = 6BD783A02C98FC1F009EEB33 /* XCRemoteSwiftPackageReference "pkl-swift" */;
			productName = PklSwift;
		};
		6BA750962C9902DE00CFB4D3 /* ArgumentParser */ = {
			isa = XCSwiftPackageProductDependency;
			package = 6BD783A32C98FC2A009EEB33 /* XCRemoteSwiftPackageReference "swift-argument-parser" */;
			productName = ArgumentParser;
		};
		6BD783A12C98FC1F009EEB33 /* PklSwift */ = {
			isa = XCSwiftPackageProductDependency;
			package = 6BD783A02C98FC1F009EEB33 /* XCRemoteSwiftPackageReference "pkl-swift" */;
			productName = PklSwift;
		};
		6BD783A42C98FC2A009EEB33 /* ArgumentParser */ = {
			isa = XCSwiftPackageProductDependency;
			package = 6BD783A32C98FC2A009EEB33 /* XCRemoteSwiftPackageReference "swift-argument-parser" */;
			productName = ArgumentParser;
		};
/* End XCSwiftPackageProductDependency section */
	};
	rootObject = 6BD783832C98FBD4009EEB33 /* Project object */;
}
